
Microsoft Visual Studio Solution File, Format Version 12.00
Project("{FAE04EC0-301F-11D3-BF4B-00C04F79EFBC}") = "PrimarSql.Parser", "PrimarSql.Parser\PrimarSql.Parser.csproj", "{8E003606-4A4A-4B44-8B96-C86B5934AE15}"
EndProject
Project("{FAE04EC0-301F-11D3-BF4B-00C04F79EFBC}") = "PrimarSql.Parser.Test", "PrimarSql.Parser.Test\PrimarSql.Parser.Test.csproj", "{C59F941C-A2C4-4F53-AB6C-EFED46093B5A}"
EndProject
Project("{FAE04EC0-301F-11D3-BF4B-00C04F79EFBC}") = "PrimarSql.Engine", "PrimarSql.Engine\PrimarSql.Engine.csproj", "{559A015E-AEF9-4241-BD17-1B6D0359F0AD}"
EndProject
Project("{FAE04EC0-301F-11D3-BF4B-00C04F79EFBC}") = "PrimarSql.Common", "PrimarSql.Common\PrimarSql.Common.csproj", "{C2763F50-0732-4333-9D68-A5F32D726CD8}"
EndProject
Global
	GlobalSection(SolutionConfigurationPlatforms) = preSolution
		Debug|Any CPU = Debug|Any CPU
		Release|Any CPU = Release|Any CPU
	EndGlobalSection
	GlobalSection(ProjectConfigurationPlatforms) = postSolution
		{8E003606-4A4A-4B44-8B96-C86B5934AE15}.Debug|Any CPU.ActiveCfg = Debug|Any CPU
		{8E003606-4A4A-4B44-8B96-C86B5934AE15}.Debug|Any CPU.Build.0 = Debug|Any CPU
		{8E003606-4A4A-4B44-8B96-C86B5934AE15}.Release|Any CPU.ActiveCfg = Release|Any CPU
		{8E003606-4A4A-4B44-8B96-C86B5934AE15}.Release|Any CPU.Build.0 = Release|Any CPU
		{C59F941C-A2C4-4F53-AB6C-EFED46093B5A}.Debug|Any CPU.ActiveCfg = Debug|Any CPU
		{C59F941C-A2C4-4F53-AB6C-EFED46093B5A}.Debug|Any CPU.Build.0 = Debug|Any CPU
		{C59F941C-A2C4-4F53-AB6C-EFED46093B5A}.Release|Any CPU.ActiveCfg = Release|Any CPU
		{C59F941C-A2C4-4F53-AB6C-EFED46093B5A}.Release|Any CPU.Build.0 = Release|Any CPU
		{559A015E-AEF9-4241-BD17-1B6D0359F0AD}.Debug|Any CPU.ActiveCfg = Debug|Any CPU
		{559A015E-AEF9-4241-BD17-1B6D0359F0AD}.Debug|Any CPU.Build.0 = Debug|Any CPU
		{559A015E-AEF9-4241-BD17-1B6D0359F0AD}.Release|Any CPU.ActiveCfg = Release|Any CPU
		{559A015E-AEF9-4241-BD17-1B6D0359F0AD}.Release|Any CPU.Build.0 = Release|Any CPU
		{C2763F50-0732-4333-9D68-A5F32D726CD8}.Debug|Any CPU.ActiveCfg = Debug|Any CPU
		{C2763F50-0732-4333-9D68-A5F32D726CD8}.Debug|Any CPU.Build.0 = Debug|Any CPU
		{C2763F50-0732-4333-9D68-A5F32D726CD8}.Release|Any CPU.ActiveCfg = Release|Any CPU
		{C2763F50-0732-4333-9D68-A5F32D726CD8}.Release|Any CPU.Build.0 = Release|Any CPU
	EndGlobalSection
EndGlobal
